
Microsoft Visual Studio Solution File, Format Version 12.00
# Visual Studio Version 17
VisualStudioVersion = 17.12.35527.113
MinimumVisualStudioVersion = 10.0.40219.1
Project("{FAE04EC0-301F-11D3-BF4B-00C04F79EFBC}") = "HotelManagment", "HotelManagment\HotelManagment.csproj", "{9396E64D-C7C5-443F-9560-4773FBFADA17}"
EndProject
Project("{FAE04EC0-301F-11D3-BF4B-00C04F79EFBC}") = "EntityClasses", "EntityClasses\EntityClasses.csproj", "{11785766-6298-4FA7-B7AB-ED0E1B9649E6}"
EndProject
Global
	GlobalSection(SolutionConfigurationPlatforms) = preSolution
		Debug|Any CPU = Debug|Any CPU
		Release|Any CPU = Release|Any CPU
	EndGlobalSection
	GlobalSection(ProjectConfigurationPlatforms) = postSolution
		{9396E64D-C7C5-443F-9560-4773FBFADA17}.Debug|Any CPU.ActiveCfg = Debug|Any CPU
		{9396E64D-C7C5-443F-9560-4773FBFADA17}.Debug|Any CPU.Build.0 = Debug|Any CPU
		{9396E64D-C7C5-443F-9560-4773FBFADA17}.Release|Any CPU.ActiveCfg = Release|Any CPU
		{9396E64D-C7C5-443F-9560-4773FBFADA17}.Release|Any CPU.Build.0 = Release|Any CPU
		{11785766-6298-4FA7-B7AB-ED0E1B9649E6}.Debug|Any CPU.ActiveCfg = Debug|Any CPU
		{11785766-6298-4FA7-B7AB-ED0E1B9649E6}.Debug|Any CPU.Build.0 = Debug|Any CPU
		{11785766-6298-4FA7-B7AB-ED0E1B9649E6}.Release|Any CPU.ActiveCfg = Release|Any CPU
		{11785766-6298-4FA7-B7AB-ED0E1B9649E6}.Release|Any CPU.Build.0 = Release|Any CPU
	EndGlobalSection
	GlobalSection(SolutionProperties) = preSolution
		HideSolutionNode = FALSE
	EndGlobalSection
EndGlobal
